// !$*UTF8*$!
{
	archiveVersion = 1;
	classes = {
	};
	objectVersion = 56;
	objects = {

/* Begin PBXBuildFile section */
		45E62EB029D4740100ECA074 /* AppDelegate.swift in Sources */ = {isa = PBXBuildFile; fileRef = 45E62EAF29D4740100ECA074 /* AppDelegate.swift */; };
		45E62EB229D4740100ECA074 /* SceneDelegate.swift in Sources */ = {isa = PBXBuildFile; fileRef = 45E62EB129D4740100ECA074 /* SceneDelegate.swift */; };
		45E62EB429D4740100ECA074 /* ViewController.swift in Sources */ = {isa = PBXBuildFile; fileRef = 45E62EB329D4740100ECA074 /* ViewController.swift */; };
		45E62EB729D4740100ECA074 /* Main.storyboard in Resources */ = {isa = PBXBuildFile; fileRef = 45E62EB529D4740100ECA074 /* Main.storyboard */; };
		45E62EBA29D4740100ECA074 /* TableViewSectionPractice.xcdatamodeld in Sources */ = {isa = PBXBuildFile; fileRef = 45E62EB829D4740100ECA074 /* TableViewSectionPractice.xcdatamodeld */; };
		45E62EBC29D4740300ECA074 /* Assets.xcassets in Resources */ = {isa = PBXBuildFile; fileRef = 45E62EBB29D4740300ECA074 /* Assets.xcassets */; };
		45E62EBF29D4740300ECA074 /* LaunchScreen.storyboard in Resources */ = {isa = PBXBuildFile; fileRef = 45E62EBD29D4740300ECA074 /* LaunchScreen.storyboard */; };
		45E62EC829D4767900ECA074 /* SingleLabelTableViewCell.swift in Sources */ = {isa = PBXBuildFile; fileRef = 45E62EC729D4767900ECA074 /* SingleLabelTableViewCell.swift */; };
		45E62ECA29D4872600ECA074 /* NetworkTableViewCell.swift in Sources */ = {isa = PBXBuildFile; fileRef = 45E62EC929D4872600ECA074 /* NetworkTableViewCell.swift */; };
/* End PBXBuildFile section */

/* Begin PBXFileReference section */
		45E62EAC29D4740100ECA074 /* TableViewSectionPractice.app */ = {isa = PBXFileReference; explicitFileType = wrapper.application; includeInIndex = 0; path = TableViewSectionPractice.app; sourceTree = BUILT_PRODUCTS_DIR; };
		45E62EAF29D4740100ECA074 /* AppDelegate.swift */ = {isa = PBXFileReference; lastKnownFileType = sourcecode.swift; path = AppDelegate.swift; sourceTree = "<group>"; };
		45E62EB129D4740100ECA074 /* SceneDelegate.swift */ = {isa = PBXFileReference; lastKnownFileType = sourcecode.swift; path = SceneDelegate.swift; sourceTree = "<group>"; };
		45E62EB329D4740100ECA074 /* ViewController.swift */ = {isa = PBXFileReference; lastKnownFileType = sourcecode.swift; path = ViewController.swift; sourceTree = "<group>"; };
		45E62EB629D4740100ECA074 /* Base */ = {isa = PBXFileReference; lastKnownFileType = file.storyboard; name = Base; path = Base.lproj/Main.storyboard; sourceTree = "<group>"; };
		45E62EB929D4740100ECA074 /* TableViewSectionPractice.xcdatamodel */ = {isa = PBXFileReference; lastKnownFileType = wrapper.xcdatamodel; path = TableViewSectionPractice.xcdatamodel; sourceTree = "<group>"; };
		45E62EBB29D4740300ECA074 /* Assets.xcassets */ = {isa = PBXFileReference; lastKnownFileType = folder.assetcatalog; path = Assets.xcassets; sourceTree = "<group>"; };
		45E62EBE29D4740300ECA074 /* Base */ = {isa = PBXFileReference; lastKnownFileType = file.storyboard; name = Base; path = Base.lproj/LaunchScreen.storyboard; sourceTree = "<group>"; };
		45E62EC029D4740300ECA074 /* Info.plist */ = {isa = PBXFileReference; lastKnownFileType = text.plist.xml; path = Info.plist; sourceTree = "<group>"; };
		45E62EC729D4767900ECA074 /* SingleLabelTableViewCell.swift */ = {isa = PBXFileReference; lastKnownFileType = sourcecode.swift; path = SingleLabelTableViewCell.swift; sourceTree = "<group>"; };
		45E62EC929D4872600ECA074 /* NetworkTableViewCell.swift */ = {isa = PBXFileReference; lastKnownFileType = sourcecode.swift; path = NetworkTableViewCell.swift; sourceTree = "<group>"; };
/* End PBXFileReference section */

/* Begin PBXFrameworksBuildPhase section */
		45E62EA929D4740100ECA074 /* Frameworks */ = {
			isa = PBXFrameworksBuildPhase;
			buildActionMask = 2147483647;
			files = (
			);
			runOnlyForDeploymentPostprocessing = 0;
		};
/* End PBXFrameworksBuildPhase section */

/* Begin PBXGroup section */
		45E62EA329D4740100ECA074 = {
			isa = PBXGroup;
			children = (
				45E62EAE29D4740100ECA074 /* TableViewSectionPractice */,
				45E62EAD29D4740100ECA074 /* Products */,
			);
			sourceTree = "<group>";
		};
		45E62EAD29D4740100ECA074 /* Products */ = {
			isa = PBXGroup;
			children = (
				45E62EAC29D4740100ECA074 /* TableViewSectionPractice.app */,
			);
			name = Products;
			sourceTree = "<group>";
		};
		45E62EAE29D4740100ECA074 /* TableViewSectionPractice */ = {
			isa = PBXGroup;
			children = (
				45E62EAF29D4740100ECA074 /* AppDelegate.swift */,
				45E62EB129D4740100ECA074 /* SceneDelegate.swift */,
				45E62EB329D4740100ECA074 /* ViewController.swift */,
				45E62EC629D4765A00ECA074 /* TableViewCells */,
				45E62EB529D4740100ECA074 /* Main.storyboard */,
				45E62EBB29D4740300ECA074 /* Assets.xcassets */,
				45E62EBD29D4740300ECA074 /* LaunchScreen.storyboard */,
				45E62EC029D4740300ECA074 /* Info.plist */,
				45E62EB829D4740100ECA074 /* TableViewSectionPractice.xcdatamodeld */,
			);
			path = TableViewSectionPractice;
			sourceTree = "<group>";
		};
		45E62EC629D4765A00ECA074 /* TableViewCells */ = {
			isa = PBXGroup;
			children = (
				45E62EC729D4767900ECA074 /* SingleLabelTableViewCell.swift */,
				45E62EC929D4872600ECA074 /* NetworkTableViewCell.swift */,
			);
			path = TableViewCells;
			sourceTree = "<group>";
		};
/* End PBXGroup section */

/* Begin PBXNativeTarget section */
		45E62EAB29D4740100ECA074 /* TableViewSectionPractice */ = {
			isa = PBXNativeTarget;
			buildConfigurationList = 45E62EC329D4740300ECA074 /* Build configuration list for PBXNativeTarget "TableViewSectionPractice" */;
			buildPhases = (
				45E62EA829D4740100ECA074 /* Sources */,
				45E62EA929D4740100ECA074 /* Frameworks */,
				45E62EAA29D4740100ECA074 /* Resources */,
			);
			buildRules = (
			);
			dependencies = (
			);
			name = TableViewSectionPractice;
			productName = TableViewSectionPractice;
			productReference = 45E62EAC29D4740100ECA074 /* TableViewSectionPractice.app */;
			productType = "com.apple.product-type.application";
		};
/* End PBXNativeTarget section */

/* Begin PBXProject section */
		45E62EA429D4740100ECA074 /* Project object */ = {
			isa = PBXProject;
			attributes = {
				BuildIndependentTargetsInParallel = 1;
				LastSwiftUpdateCheck = 1420;
				LastUpgradeCheck = 1420;
				TargetAttributes = {
					45E62EAB29D4740100ECA074 = {
						CreatedOnToolsVersion = 14.2;
					};
				};
			};
			buildConfigurationList = 45E62EA729D4740100ECA074 /* Build configuration list for PBXProject "TableViewSectionPractice" */;
			compatibilityVersion = "Xcode 14.0";
			developmentRegion = en;
			hasScannedForEncodings = 0;
			knownRegions = (
				en,
				Base,
			);
			mainGroup = 45E62EA329D4740100ECA074;
			productRefGroup = 45E62EAD29D4740100ECA074 /* Products */;
			projectDirPath = "";
			projectRoot = "";
			targets = (
				45E62EAB29D4740100ECA074 /* TableViewSectionPractice */,
			);
		};
/* End PBXProject section */

/* Begin PBXResourcesBuildPhase section */
		45E62EAA29D4740100ECA074 /* Resources */ = {
			isa = PBXResourcesBuildPhase;
			buildActionMask = 2147483647;
			files = (
				45E62EBF29D4740300ECA074 /* LaunchScreen.storyboard in Resources */,
				45E62EBC29D4740300ECA074 /* Assets.xcassets in Resources */,
				45E62EB729D4740100ECA074 /* Main.storyboard in Resources */,
			);
			runOnlyForDeploymentPostprocessing = 0;
		};
/* End PBXResourcesBuildPhase section */

/* Begin PBXSourcesBuildPhase section */
		45E62EA829D4740100ECA074 /* Sources */ = {
			isa = PBXSourcesBuildPhase;
			buildActionMask = 2147483647;
			files = (
				45E62EBA29D4740100ECA074 /* TableViewSectionPractice.xcdatamodeld in Sources */,
				45E62EC829D4767900ECA074 /* SingleLabelTableViewCell.swift in Sources */,
				45E62EB429D4740100ECA074 /* ViewController.swift in Sources */,
				45E62EB029D4740100ECA074 /* AppDelegate.swift in Sources */,
				45E62ECA29D4872600ECA074 /* NetworkTableViewCell.swift in Sources */,
				45E62EB229D4740100ECA074 /* SceneDelegate.swift in Sources */,
			);
			runOnlyForDeploymentPostprocessing = 0;
		};
/* End PBXSourcesBuildPhase section */

/* Begin PBXVariantGroup section */
		45E62EB529D4740100ECA074 /* Main.storyboard */ = {
			isa = PBXVariantGroup;
			children = (
				45E62EB629D4740100ECA074 /* Base */,
			);
			name = Main.storyboard;
			sourceTree = "<group>";
		};
		45E62EBD29D4740300ECA074 /* LaunchScreen.storyboard */ = {
			isa = PBXVariantGroup;
			children = (
				45E62EBE29D4740300ECA074 /* Base */,
			);
			name = LaunchScreen.storyboard;
			sourceTree = "<group>";
		};
/* End PBXVariantGroup section */

/* Begin XCBuildConfiguration section */
		45E62EC129D4740300ECA074 /* Debug */ = {
			isa = XCBuildConfiguration;
			buildSettings = {
				ALWAYS_SEARCH_USER_PATHS = NO;
				CLANG_ANALYZER_NONNULL = YES;
				CLANG_ANALYZER_NUMBER_OBJECT_CONVERSION = YES_AGGRESSIVE;
				CLANG_CXX_LANGUAGE_STANDARD = "gnu++20";
				CLANG_ENABLE_MODULES = YES;
				CLANG_ENABLE_OBJC_ARC = YES;
				CLANG_ENABLE_OBJC_WEAK = YES;
				CLANG_WARN_BLOCK_CAPTURE_AUTORELEASING = YES;
				CLANG_WARN_BOOL_CONVERSION = YES;
				CLANG_WARN_COMMA = YES;
				CLANG_WARN_CONSTANT_CONVERSION = YES;
				CLANG_WARN_DEPRECATED_OBJC_IMPLEMENTATIONS = YES;
				CLANG_WARN_DIRECT_OBJC_ISA_USAGE = YES_ERROR;
				CLANG_WARN_DOCUMENTATION_COMMENTS = YES;
				CLANG_WARN_EMPTY_BODY = YES;
				CLANG_WARN_ENUM_CONVERSION = YES;
				CLANG_WARN_INFINITE_RECURSION = YES;
				CLANG_WARN_INT_CONVERSION = YES;
				CLANG_WARN_NON_LITERAL_NULL_CONVERSION = YES;
				CLANG_WARN_OBJC_IMPLICIT_RETAIN_SELF = YES;
				CLANG_WARN_OBJC_LITERAL_CONVERSION = YES;
				CLANG_WARN_OBJC_ROOT_CLASS = YES_ERROR;
				CLANG_WARN_QUOTED_INCLUDE_IN_FRAMEWORK_HEADER = YES;
				CLANG_WARN_RANGE_LOOP_ANALYSIS = YES;
				CLANG_WARN_STRICT_PROTOTYPES = YES;
				CLANG_WARN_SUSPICIOUS_MOVE = YES;
				CLANG_WARN_UNGUARDED_AVAILABILITY = YES_AGGRESSIVE;
				CLANG_WARN_UNREACHABLE_CODE = YES;
				CLANG_WARN__DUPLICATE_METHOD_MATCH = YES;
				COPY_PHASE_STRIP = NO;
				DEBUG_INFORMATION_FORMAT = dwarf;
				ENABLE_STRICT_OBJC_MSGSEND = YES;
				ENABLE_TESTABILITY = YES;
				GCC_C_LANGUAGE_STANDARD = gnu11;
				GCC_DYNAMIC_NO_PIC = NO;
				GCC_NO_COMMON_BLOCKS = YES;
				GCC_OPTIMIZATION_LEVEL = 0;
				GCC_PREPROCESSOR_DEFINITIONS = (
					"DEBUG=1",
					"$(inherited)",
				);
				GCC_WARN_64_TO_32_BIT_CONVERSION = YES;
				GCC_WARN_ABOUT_RETURN_TYPE = YES_ERROR;
				GCC_WARN_UNDECLARED_SELECTOR = YES;
				GCC_WARN_UNINITIALIZED_AUTOS = YES_AGGRESSIVE;
				GCC_WARN_UNUSED_FUNCTION = YES;
				GCC_WARN_UNUSED_VARIABLE = YES;
				IPHONEOS_DEPLOYMENT_TARGET = 16.2;
				MTL_ENABLE_DEBUG_INFO = INCLUDE_SOURCE;
				MTL_FAST_MATH = YES;
				ONLY_ACTIVE_ARCH = YES;
				SDKROOT = iphoneos;
				SWIFT_ACTIVE_COMPILATION_CONDITIONS = DEBUG;
				SWIFT_OPTIMIZATION_LEVEL = "-Onone";
			};
			name = Debug;
		};
		45E62EC229D4740300ECA074 /* Release */ = {
			isa = XCBuildConfiguration;
			buildSettings = {
				ALWAYS_SEARCH_USER_PATHS = NO;
				CLANG_ANALYZER_NONNULL = YES;
				CLANG_ANALYZER_NUMBER_OBJECT_CONVERSION = YES_AGGRESSIVE;
				CLANG_CXX_LANGUAGE_STANDARD = "gnu++20";
				CLANG_ENABLE_MODULES = YES;
				CLANG_ENABLE_OBJC_ARC = YES;
				CLANG_ENABLE_OBJC_WEAK = YES;
				CLANG_WARN_BLOCK_CAPTURE_AUTORELEASING = YES;
				CLANG_WARN_BOOL_CONVERSION = YES;
				CLANG_WARN_COMMA = YES;
				CLANG_WARN_CONSTANT_CONVERSION = YES;
				CLANG_WARN_DEPRECATED_OBJC_IMPLEMENTATIONS = YES;
				CLANG_WARN_DIRECT_OBJC_ISA_USAGE = YES_ERROR;
				CLANG_WARN_DOCUMENTATION_COMMENTS = YES;
				CLANG_WARN_EMPTY_BODY = YES;
				CLANG_WARN_ENUM_CONVERSION = YES;
				CLANG_WARN_INFINITE_RECURSION = YES;
				CLANG_WARN_INT_CONVERSION = YES;
				CLANG_WARN_NON_LITERAL_NULL_CONVERSION = YES;
				CLANG_WARN_OBJC_IMPLICIT_RETAIN_SELF = YES;
				CLANG_WARN_OBJC_LITERAL_CONVERSION = YES;
				CLANG_WARN_OBJC_ROOT_CLASS = YES_ERROR;
				CLANG_WARN_QUOTED_INCLUDE_IN_FRAMEWORK_HEADER = YES;
				CLANG_WARN_RANGE_LOOP_ANALYSIS = YES;
				CLANG_WARN_STRICT_PROTOTYPES = YES;
				CLANG_WARN_SUSPICIOUS_MOVE = YES;
				CLANG_WARN_UNGUARDED_AVAILABILITY = YES_AGGRESSIVE;
				CLANG_WARN_UNREACHABLE_CODE = YES;
				CLANG_WARN__DUPLICATE_METHOD_MATCH = YES;
				COPY_PHASE_STRIP = NO;
				DEBUG_INFORMATION_FORMAT = "dwarf-with-dsym";
				ENABLE_NS_ASSERTIONS = NO;
				ENABLE_STRICT_OBJC_MSGSEND = YES;
				GCC_C_LANGUAGE_STANDARD = gnu11;
				GCC_NO_COMMON_BLOCKS = YES;
				GCC_WARN_64_TO_32_BIT_CONVERSION = YES;
				GCC_WARN_ABOUT_RETURN_TYPE = YES_ERROR;
				GCC_WARN_UNDECLARED_SELECTOR = YES;
				GCC_WARN_UNINITIALIZED_AUTOS = YES_AGGRESSIVE;
				GCC_WARN_UNUSED_FUNCTION = YES;
				GCC_WARN_UNUSED_VARIABLE = YES;
				IPHONEOS_DEPLOYMENT_TARGET = 16.2;
				MTL_ENABLE_DEBUG_INFO = NO;
				MTL_FAST_MATH = YES;
				SDKROOT = iphoneos;
				SWIFT_COMPILATION_MODE = wholemodule;
				SWIFT_OPTIMIZATION_LEVEL = "-O";
				VALIDATE_PRODUCT = YES;
			};
			name = Release;
		};
		45E62EC429D4740300ECA074 /* Debug */ = {
			isa = XCBuildConfiguration;
			buildSettings = {
				ASSETCATALOG_COMPILER_APPICON_NAME = AppIcon;
				ASSETCATALOG_COMPILER_GLOBAL_ACCENT_COLOR_NAME = AccentColor;
				CODE_SIGN_STYLE = Automatic;
				CURRENT_PROJECT_VERSION = 1;
				GENERATE_INFOPLIST_FILE = YES;
				INFOPLIST_FILE = TableViewSectionPractice/Info.plist;
				INFOPLIST_KEY_UIApplicationSupportsIndirectInputEvents = YES;
				INFOPLIST_KEY_UILaunchStoryboardName = LaunchScreen;
				INFOPLIST_KEY_UIMainStoryboardFile = Main;
				INFOPLIST_KEY_UISupportedInterfaceOrientations_iPad = "UIInterfaceOrientationPortrait UIInterfaceOrientationPortraitUpsideDown UIInterfaceOrientationLandscapeLeft UIInterfaceOrientationLandscapeRight";
				INFOPLIST_KEY_UISupportedInterfaceOrientations_iPhone = "UIInterfaceOrientationPortrait UIInterfaceOrientationLandscapeLeft UIInterfaceOrientationLandscapeRight";
				LD_RUNPATH_SEARCH_PATHS = (
					"$(inherited)",
					"@executable_path/Frameworks",
				);
				MARKETING_VERSION = 1.0;
				PRODUCT_BUNDLE_IDENTIFIER = learning.TableViewSectionPractice;
				PRODUCT_NAME = "$(TARGET_NAME)";
				SWIFT_EMIT_LOC_STRINGS = YES;
				SWIFT_VERSION = 5.0;
				TARGETED_DEVICE_FAMILY = "1,2";
			};
			name = Debug;
		};
		45E62EC529D4740300ECA074 /* Release */ = {
			isa = XCBuildConfiguration;
			buildSettings = {
				ASSETCATALOG_COMPILER_APPICON_NAME = AppIcon;
				ASSETCATALOG_COMPILER_GLOBAL_ACCENT_COLOR_NAME = AccentColor;
				CODE_SIGN_STYLE = Automatic;
				CURRENT_PROJECT_VERSION = 1;
				GENERATE_INFOPLIST_FILE = YES;
				INFOPLIST_FILE = TableViewSectionPractice/Info.plist;
				INFOPLIST_KEY_UIApplicationSupportsIndirectInputEvents = YES;
				INFOPLIST_KEY_UILaunchStoryboardName = LaunchScreen;
				INFOPLIST_KEY_UIMainStoryboardFile = Main;
				INFOPLIST_KEY_UISupportedInterfaceOrientations_iPad = "UIInterfaceOrientationPortrait UIInterfaceOrientationPortraitUpsideDown UIInterfaceOrientationLandscapeLeft UIInterfaceOrientationLandscapeRight";
				INFOPLIST_KEY_UISupportedInterfaceOrientations_iPhone = "UIInterfaceOrientationPortrait UIInterfaceOrientationLandscapeLeft UIInterfaceOrientationLandscapeRight";
				LD_RUNPATH_SEARCH_PATHS = (
					"$(inherited)",
					"@executable_path/Frameworks",
				);
				MARKETING_VERSION = 1.0;
				PRODUCT_BUNDLE_IDENTIFIER = learning.TableViewSectionPractice;
				PRODUCT_NAME = "$(TARGET_NAME)";
				SWIFT_EMIT_LOC_STRINGS = YES;
				SWIFT_VERSION = 5.0;
				TARGETED_DEVICE_FAMILY = "1,2";
			};
			name = Release;
		};
/* End XCBuildConfiguration section */

/* Begin XCConfigurationList section */
		45E62EA729D4740100ECA074 /* Build configuration list for PBXProject "TableViewSectionPractice" */ = {
			isa = XCConfigurationList;
			buildConfigurations = (
				45E62EC129D4740300ECA074 /* Debug */,
				45E62EC229D4740300ECA074 /* Release */,
			);
			defaultConfigurationIsVisible = 0;
			defaultConfigurationName = Release;
		};
		45E62EC329D4740300ECA074 /* Build configuration list for PBXNativeTarget "TableViewSectionPractice" */ = {
			isa = XCConfigurationList;
			buildConfigurations = (
				45E62EC429D4740300ECA074 /* Debug */,
				45E62EC529D4740300ECA074 /* Release */,
			);
			defaultConfigurationIsVisible = 0;
			defaultConfigurationName = Release;
		};
/* End XCConfigurationList section */

/* Begin XCVersionGroup section */
		45E62EB829D4740100ECA074 /* TableViewSectionPractice.xcdatamodeld */ = {
			isa = XCVersionGroup;
			children = (
				45E62EB929D4740100ECA074 /* TableViewSectionPractice.xcdatamodel */,
			);
			currentVersion = 45E62EB929D4740100ECA074 /* TableViewSectionPractice.xcdatamodel */;
			path = TableViewSectionPractice.xcdatamodeld;
			sourceTree = "<group>";
			versionGroupType = wrapper.xcdatamodel;
		};
/* End XCVersionGroup section */
	};
	rootObject = 45E62EA429D4740100ECA074 /* Project object */;
}
